
Microsoft Visual Studio Solution File, Format Version 12.00
# Visual Studio Version 17
VisualStudioVersion = 17.5.002.0
MinimumVisualStudioVersion = 10.0.40219.1
Project("{2150E333-8FDC-42A3-9474-1A3956D46DE8}") = "sandbox", "sandbox", "{FB868948-AB7E-49A1-9C72-E6E4D704E51B}"
EndProject
Project("{9A19103F-16F7-4668-BE54-9A1E7A4F7556}") = "sandbox_project", "sandbox\sandbox_project\sandbox_project.csproj", "{4EEC8986-97FC-4E59-A2ED-07B88F3447EF}"
EndProject
Project("{2150E333-8FDC-42A3-9474-1A3956D46DE8}") = "week01", "week01", "{AA87BCCA-4B75-478F-9FFC-8946A56D4B89}"
EndProject
Project("{9A19103F-16F7-4668-BE54-9A1E7A4F7556}") = "analyze", "week01\analyze\analyze.csproj", "{5B5B8487-8D3F-42C0-A485-4414F5E6E875}"
EndProject
Project("{9A19103F-16F7-4668-BE54-9A1E7A4F7556}") = "code", "week01\code\code.csproj", "{3DC8632A-4C7A-4C61-AF4B-DAB5B0A5C1C0}"
EndProject
Project("{9A19103F-16F7-4668-BE54-9A1E7A4F7556}") = "teach", "week01\teach\teach.csproj", "{2B352073-F1CE-4A1B-A422-A43E5A020399}"
EndProject
Project("{2150E333-8FDC-42A3-9474-1A3956D46DE8}") = "week02", "week02", "{31CF31DB-E28B-4633-B064-5761A6B3BCBE}"
EndProject
Project("{9A19103F-16F7-4668-BE54-9A1E7A4F7556}") = "analyze", "week02\analyze\analyze.csproj", "{049936AA-AA8D-4359-BE89-E6810218B3F1}"
EndProject
Project("{9A19103F-16F7-4668-BE54-9A1E7A4F7556}") = "code", "week02\code\code.csproj", "{24A42513-47CF-4781-97EF-370A08FCDB70}"
EndProject
Project("{9A19103F-16F7-4668-BE54-9A1E7A4F7556}") = "learn", "week02\learn\learn.csproj", "{089E22D0-849F-4AA1-9E3F-528CC80D69F4}"
EndProject
Project("{9A19103F-16F7-4668-BE54-9A1E7A4F7556}") = "teach", "week02\teach\teach.csproj", "{4F95532E-CE55-4F4E-9614-5D0AC193CB9F}"
EndProject
Project("{2150E333-8FDC-42A3-9474-1A3956D46DE8}") = "week03", "week03", "{66CE646B-256B-47DD-9016-D261F19DD41B}"
EndProject
Project("{9A19103F-16F7-4668-BE54-9A1E7A4F7556}") = "code", "week03\code\code.csproj", "{2F451345-443D-406C-8CBE-9441AB9C7D60}"
EndProject
Project("{9A19103F-16F7-4668-BE54-9A1E7A4F7556}") = "learn", "week03\learn\learn.csproj", "{C191152B-40AF-4FF6-A21E-96505CD21BBE}"
EndProject
Project("{9A19103F-16F7-4668-BE54-9A1E7A4F7556}") = "teach", "week03\teach\teach.csproj", "{065B4CEC-D299-40C6-9B3E-EFC3748E7654}"
EndProject
Project("{2150E333-8FDC-42A3-9474-1A3956D46DE8}") = "week04", "week04", "{24831FCA-1AD3-47E4-8997-F4F0502BC07D}"
EndProject
Project("{9A19103F-16F7-4668-BE54-9A1E7A4F7556}") = "code", "week04\code\code.csproj", "{8AC5451B-BB26-435D-A979-1282B023A870}"
EndProject
Project("{2150E333-8FDC-42A3-9474-1A3956D46DE8}") = "week05", "week05", "{9CC33981-2ED3-449B-AAAC-1477B09FDEB7}"
EndProject
Project("{9A19103F-16F7-4668-BE54-9A1E7A4F7556}") = "code", "week05\code\code.csproj", "{AAB94BEE-1D64-4ECB-9501-85F219E65835}"
EndProject
Project("{2150E333-8FDC-42A3-9474-1A3956D46DE8}") = "week06", "week06", "{EC8C7CAC-8975-4872-9A64-E1AAB447AED8}"
EndProject
Project("{9A19103F-16F7-4668-BE54-9A1E7A4F7556}") = "code", "week06\code\code.csproj", "{2F702301-835B-4752-B3BF-62A0E764589C}"
EndProject
Global
	GlobalSection(SolutionConfigurationPlatforms) = preSolution
		Debug|Any CPU = Debug|Any CPU
		Release|Any CPU = Release|Any CPU
	EndGlobalSection
	GlobalSection(ProjectConfigurationPlatforms) = postSolution
		{4EEC8986-97FC-4E59-A2ED-07B88F3447EF}.Debug|Any CPU.ActiveCfg = Debug|Any CPU
		{4EEC8986-97FC-4E59-A2ED-07B88F3447EF}.Debug|Any CPU.Build.0 = Debug|Any CPU
		{4EEC8986-97FC-4E59-A2ED-07B88F3447EF}.Release|Any CPU.ActiveCfg = Release|Any CPU
		{4EEC8986-97FC-4E59-A2ED-07B88F3447EF}.Release|Any CPU.Build.0 = Release|Any CPU
		{5B5B8487-8D3F-42C0-A485-4414F5E6E875}.Debug|Any CPU.ActiveCfg = Debug|Any CPU
		{5B5B8487-8D3F-42C0-A485-4414F5E6E875}.Debug|Any CPU.Build.0 = Debug|Any CPU
		{5B5B8487-8D3F-42C0-A485-4414F5E6E875}.Release|Any CPU.ActiveCfg = Release|Any CPU
		{5B5B8487-8D3F-42C0-A485-4414F5E6E875}.Release|Any CPU.Build.0 = Release|Any CPU
		{3DC8632A-4C7A-4C61-AF4B-DAB5B0A5C1C0}.Debug|Any CPU.ActiveCfg = Debug|Any CPU
		{3DC8632A-4C7A-4C61-AF4B-DAB5B0A5C1C0}.Debug|Any CPU.Build.0 = Debug|Any CPU
		{3DC8632A-4C7A-4C61-AF4B-DAB5B0A5C1C0}.Release|Any CPU.ActiveCfg = Release|Any CPU
		{3DC8632A-4C7A-4C61-AF4B-DAB5B0A5C1C0}.Release|Any CPU.Build.0 = Release|Any CPU
		{2B352073-F1CE-4A1B-A422-A43E5A020399}.Debug|Any CPU.ActiveCfg = Debug|Any CPU
		{2B352073-F1CE-4A1B-A422-A43E5A020399}.Debug|Any CPU.Build.0 = Debug|Any CPU
		{2B352073-F1CE-4A1B-A422-A43E5A020399}.Release|Any CPU.ActiveCfg = Release|Any CPU
		{2B352073-F1CE-4A1B-A422-A43E5A020399}.Release|Any CPU.Build.0 = Release|Any CPU
		{049936AA-AA8D-4359-BE89-E6810218B3F1}.Debug|Any CPU.ActiveCfg = Debug|Any CPU
		{049936AA-AA8D-4359-BE89-E6810218B3F1}.Debug|Any CPU.Build.0 = Debug|Any CPU
		{049936AA-AA8D-4359-BE89-E6810218B3F1}.Release|Any CPU.ActiveCfg = Release|Any CPU
		{049936AA-AA8D-4359-BE89-E6810218B3F1}.Release|Any CPU.Build.0 = Release|Any CPU
		{24A42513-47CF-4781-97EF-370A08FCDB70}.Debug|Any CPU.ActiveCfg = Debug|Any CPU
		{24A42513-47CF-4781-97EF-370A08FCDB70}.Debug|Any CPU.Build.0 = Debug|Any CPU
		{24A42513-47CF-4781-97EF-370A08FCDB70}.Release|Any CPU.ActiveCfg = Release|Any CPU
		{24A42513-47CF-4781-97EF-370A08FCDB70}.Release|Any CPU.Build.0 = Release|Any CPU
		{089E22D0-849F-4AA1-9E3F-528CC80D69F4}.Debug|Any CPU.ActiveCfg = Debug|Any CPU
		{089E22D0-849F-4AA1-9E3F-528CC80D69F4}.Debug|Any CPU.Build.0 = Debug|Any CPU
		{089E22D0-849F-4AA1-9E3F-528CC80D69F4}.Release|Any CPU.ActiveCfg = Release|Any CPU
		{089E22D0-849F-4AA1-9E3F-528CC80D69F4}.Release|Any CPU.Build.0 = Release|Any CPU
		{4F95532E-CE55-4F4E-9614-5D0AC193CB9F}.Debug|Any CPU.ActiveCfg = Debug|Any CPU
		{4F95532E-CE55-4F4E-9614-5D0AC193CB9F}.Debug|Any CPU.Build.0 = Debug|Any CPU
		{4F95532E-CE55-4F4E-9614-5D0AC193CB9F}.Release|Any CPU.ActiveCfg = Release|Any CPU
		{4F95532E-CE55-4F4E-9614-5D0AC193CB9F}.Release|Any CPU.Build.0 = Release|Any CPU
		{2F451345-443D-406C-8CBE-9441AB9C7D60}.Debug|Any CPU.ActiveCfg = Debug|Any CPU
		{2F451345-443D-406C-8CBE-9441AB9C7D60}.Debug|Any CPU.Build.0 = Debug|Any CPU
		{2F451345-443D-406C-8CBE-9441AB9C7D60}.Release|Any CPU.ActiveCfg = Release|Any CPU
		{2F451345-443D-406C-8CBE-9441AB9C7D60}.Release|Any CPU.Build.0 = Release|Any CPU
		{C191152B-40AF-4FF6-A21E-96505CD21BBE}.Debug|Any CPU.ActiveCfg = Debug|Any CPU
		{C191152B-40AF-4FF6-A21E-96505CD21BBE}.Debug|Any CPU.Build.0 = Debug|Any CPU
		{C191152B-40AF-4FF6-A21E-96505CD21BBE}.Release|Any CPU.ActiveCfg = Release|Any CPU
		{C191152B-40AF-4FF6-A21E-96505CD21BBE}.Release|Any CPU.Build.0 = Release|Any CPU
		{065B4CEC-D299-40C6-9B3E-EFC3748E7654}.Debug|Any CPU.ActiveCfg = Debug|Any CPU
		{065B4CEC-D299-40C6-9B3E-EFC3748E7654}.Debug|Any CPU.Build.0 = Debug|Any CPU
		{065B4CEC-D299-40C6-9B3E-EFC3748E7654}.Release|Any CPU.ActiveCfg = Release|Any CPU
		{065B4CEC-D299-40C6-9B3E-EFC3748E7654}.Release|Any CPU.Build.0 = Release|Any CPU
		{8AC5451B-BB26-435D-A979-1282B023A870}.Debug|Any CPU.ActiveCfg = Debug|Any CPU
		{8AC5451B-BB26-435D-A979-1282B023A870}.Debug|Any CPU.Build.0 = Debug|Any CPU
		{8AC5451B-BB26-435D-A979-1282B023A870}.Release|Any CPU.ActiveCfg = Release|Any CPU
		{8AC5451B-BB26-435D-A979-1282B023A870}.Release|Any CPU.Build.0 = Release|Any CPU
		{AAB94BEE-1D64-4ECB-9501-85F219E65835}.Debug|Any CPU.ActiveCfg = Debug|Any CPU
		{AAB94BEE-1D64-4ECB-9501-85F219E65835}.Debug|Any CPU.Build.0 = Debug|Any CPU
		{AAB94BEE-1D64-4ECB-9501-85F219E65835}.Release|Any CPU.ActiveCfg = Release|Any CPU
		{AAB94BEE-1D64-4ECB-9501-85F219E65835}.Release|Any CPU.Build.0 = Release|Any CPU
		{2F702301-835B-4752-B3BF-62A0E764589C}.Debug|Any CPU.ActiveCfg = Debug|Any CPU
		{2F702301-835B-4752-B3BF-62A0E764589C}.Debug|Any CPU.Build.0 = Debug|Any CPU
		{2F702301-835B-4752-B3BF-62A0E764589C}.Release|Any CPU.ActiveCfg = Release|Any CPU
		{2F702301-835B-4752-B3BF-62A0E764589C}.Release|Any CPU.Build.0 = Release|Any CPU
	EndGlobalSection
	GlobalSection(SolutionProperties) = preSolution
		HideSolutionNode = FALSE
	EndGlobalSection
	GlobalSection(NestedProjects) = preSolution
		{4EEC8986-97FC-4E59-A2ED-07B88F3447EF} = {FB868948-AB7E-49A1-9C72-E6E4D704E51B}
		{5B5B8487-8D3F-42C0-A485-4414F5E6E875} = {AA87BCCA-4B75-478F-9FFC-8946A56D4B89}
		{3DC8632A-4C7A-4C61-AF4B-DAB5B0A5C1C0} = {AA87BCCA-4B75-478F-9FFC-8946A56D4B89}
		{2B352073-F1CE-4A1B-A422-A43E5A020399} = {AA87BCCA-4B75-478F-9FFC-8946A56D4B89}
		{049936AA-AA8D-4359-BE89-E6810218B3F1} = {31CF31DB-E28B-4633-B064-5761A6B3BCBE}
		{24A42513-47CF-4781-97EF-370A08FCDB70} = {31CF31DB-E28B-4633-B064-5761A6B3BCBE}
		{089E22D0-849F-4AA1-9E3F-528CC80D69F4} = {31CF31DB-E28B-4633-B064-5761A6B3BCBE}
		{4F95532E-CE55-4F4E-9614-5D0AC193CB9F} = {31CF31DB-E28B-4633-B064-5761A6B3BCBE}
		{2F451345-443D-406C-8CBE-9441AB9C7D60} = {66CE646B-256B-47DD-9016-D261F19DD41B}
		{C191152B-40AF-4FF6-A21E-96505CD21BBE} = {66CE646B-256B-47DD-9016-D261F19DD41B}
		{065B4CEC-D299-40C6-9B3E-EFC3748E7654} = {66CE646B-256B-47DD-9016-D261F19DD41B}
		{8AC5451B-BB26-435D-A979-1282B023A870} = {24831FCA-1AD3-47E4-8997-F4F0502BC07D}
		{AAB94BEE-1D64-4ECB-9501-85F219E65835} = {9CC33981-2ED3-449B-AAAC-1477B09FDEB7}
		{2F702301-835B-4752-B3BF-62A0E764589C} = {EC8C7CAC-8975-4872-9A64-E1AAB447AED8}
	EndGlobalSection
	GlobalSection(ExtensibilityGlobals) = postSolution
		SolutionGuid = {70564720-1F16-44BE-9E3B-C60DF2E50C0A}
	EndGlobalSection
EndGlobal
